// !$*UTF8*$!
{
	archiveVersion = 1;
	classes = {
	};
	objectVersion = 56;
	objects = {

/* Begin PBXBuildFile section */
		1F1F97282CC09A4800544F4F /* GoogleSignIn in Frameworks */ = {isa = PBXBuildFile; productRef = 1F1F97272CC09A4800544F4F /* GoogleSignIn */; };
		1F1F972A2CC09A4800544F4F /* GoogleSignInSwift in Frameworks */ = {isa = PBXBuildFile; productRef = 1F1F97292CC09A4800544F4F /* GoogleSignInSwift */; };
		1F4E07BA2CC7655800F74115 /* CarrucelCollectionViewCell.swift in Sources */ = {isa = PBXBuildFile; fileRef = 1F4E07B92CC7655800F74115 /* CarrucelCollectionViewCell.swift */; };
		1F4E07BC2CC76E4C00F74115 /* Actividades.swift in Sources */ = {isa = PBXBuildFile; fileRef = 1F4E07BB2CC76E4C00F74115 /* Actividades.swift */; };
		1F51C2C52CB63D5200F392CD /* CreacionViewController.swift in Sources */ = {isa = PBXBuildFile; fileRef = 1F51C2C42CB63D5200F392CD /* CreacionViewController.swift */; };
		1F51C2C72CB63EF600F392CD /* HomeViewController.swift in Sources */ = {isa = PBXBuildFile; fileRef = 1F51C2C62CB63EF600F392CD /* HomeViewController.swift */; };
		1F51C2CB2CB6427D00F392CD /* FirebaseAppDistribution-Beta in Frameworks */ = {isa = PBXBuildFile; productRef = 1F51C2CA2CB6427D00F392CD /* FirebaseAppDistribution-Beta */; };
		1F51C2CD2CB6427D00F392CD /* FirebaseAuth in Frameworks */ = {isa = PBXBuildFile; productRef = 1F51C2CC2CB6427D00F392CD /* FirebaseAuth */; };
		1F51C2CF2CB6427D00F392CD /* FirebaseAuthCombine-Community in Frameworks */ = {isa = PBXBuildFile; productRef = 1F51C2CE2CB6427D00F392CD /* FirebaseAuthCombine-Community */; };
		1F51C2D12CB6427D00F392CD /* FirebaseCore in Frameworks */ = {isa = PBXBuildFile; productRef = 1F51C2D02CB6427D00F392CD /* FirebaseCore */; };
		1F51C2D32CB6427D00F392CD /* FirebaseCrashlytics in Frameworks */ = {isa = PBXBuildFile; productRef = 1F51C2D22CB6427D00F392CD /* FirebaseCrashlytics */; };
		1F51C2D52CB6427D00F392CD /* FirebaseDatabase in Frameworks */ = {isa = PBXBuildFile; productRef = 1F51C2D42CB6427D00F392CD /* FirebaseDatabase */; };
		1F51C2D72CB6427D00F392CD /* FirebaseDynamicLinks in Frameworks */ = {isa = PBXBuildFile; productRef = 1F51C2D62CB6427D00F392CD /* FirebaseDynamicLinks */; };
		1F51C2D92CB6427D00F392CD /* FirebaseFirestore in Frameworks */ = {isa = PBXBuildFile; productRef = 1F51C2D82CB6427D00F392CD /* FirebaseFirestore */; };
		1F51C2DB2CB6427D00F392CD /* FirebaseFirestoreCombine-Community in Frameworks */ = {isa = PBXBuildFile; productRef = 1F51C2DA2CB6427D00F392CD /* FirebaseFirestoreCombine-Community */; };
		1F51C2DD2CB6427D00F392CD /* FirebaseFunctions in Frameworks */ = {isa = PBXBuildFile; productRef = 1F51C2DC2CB6427D00F392CD /* FirebaseFunctions */; };
		1F51C2DF2CB6427D00F392CD /* FirebaseFunctionsCombine-Community in Frameworks */ = {isa = PBXBuildFile; productRef = 1F51C2DE2CB6427D00F392CD /* FirebaseFunctionsCombine-Community */; };
		1F5519ED2CDE73BC002F168C /* ActivityDetailViewController.swift in Sources */ = {isa = PBXBuildFile; fileRef = 1F5519EC2CDE73BC002F168C /* ActivityDetailViewController.swift */; };
		1F5CFF8F2C8637AF003A90C5 /* AppDelegate.swift in Sources */ = {isa = PBXBuildFile; fileRef = 1F5CFF8E2C8637AF003A90C5 /* AppDelegate.swift */; };
		1F5CFF912C8637AF003A90C5 /* SceneDelegate.swift in Sources */ = {isa = PBXBuildFile; fileRef = 1F5CFF902C8637AF003A90C5 /* SceneDelegate.swift */; };
		1F5CFF932C8637AF003A90C5 /* ViewController.swift in Sources */ = {isa = PBXBuildFile; fileRef = 1F5CFF922C8637AF003A90C5 /* ViewController.swift */; };
		1F5CFF962C8637AF003A90C5 /* Base in Resources */ = {isa = PBXBuildFile; fileRef = 1F5CFF952C8637AF003A90C5 /* Base */; };
		1F5CFF982C8637B1003A90C5 /* Assets.xcassets in Resources */ = {isa = PBXBuildFile; fileRef = 1F5CFF972C8637B1003A90C5 /* Assets.xcassets */; };
		1F5CFF9B2C8637B1003A90C5 /* Base in Resources */ = {isa = PBXBuildFile; fileRef = 1F5CFF9A2C8637B1003A90C5 /* Base */; };
		1F7770492CC0CEBA00629888 /* GoogleService-Info.plist in Resources */ = {isa = PBXBuildFile; fileRef = 1FA18A552CC0C63200DE659A /* GoogleService-Info.plist */; };
		1F7A756E2CB3C376000029C6 /* IntroViewController.swift in Sources */ = {isa = PBXBuildFile; fileRef = 1F7A756D2CB3C376000029C6 /* IntroViewController.swift */; };
		1F7A75702CB3C3B0000029C6 /* RegistroViewController.swift in Sources */ = {isa = PBXBuildFile; fileRef = 1F7A756F2CB3C3B0000029C6 /* RegistroViewController.swift */; };
		1F7A75752CB5CC60000029C6 /* FirebaseAnalytics in Frameworks */ = {isa = PBXBuildFile; productRef = 1F7A75742CB5CC60000029C6 /* FirebaseAnalytics */; };
		1F7A75772CB5CC60000029C6 /* FirebaseAnalyticsOnDeviceConversion in Frameworks */ = {isa = PBXBuildFile; productRef = 1F7A75762CB5CC60000029C6 /* FirebaseAnalyticsOnDeviceConversion */; };
		1F7A75792CB5CC60000029C6 /* FirebaseAnalyticsWithoutAdIdSupport in Frameworks */ = {isa = PBXBuildFile; productRef = 1F7A75782CB5CC60000029C6 /* FirebaseAnalyticsWithoutAdIdSupport */; };
		1F8132602CE12C8200BBF954 /* EditProfileViewController.swift in Sources */ = {isa = PBXBuildFile; fileRef = 1F81325F2CE12C8200BBF954 /* EditProfileViewController.swift */; };
		1F8321C02CB5D86600F8D474 /* UsuarioViewController.swift in Sources */ = {isa = PBXBuildFile; fileRef = 1F8321BF2CB5D86600F8D474 /* UsuarioViewController.swift */; };
		1F9301102CDEE73000E6EFB9 /* CodeScanner in Frameworks */ = {isa = PBXBuildFile; productRef = 1F93010F2CDEE73000E6EFB9 /* CodeScanner */; };
		1F9301122CDEE86900E6EFB9 /* SwiftUIView.swift in Sources */ = {isa = PBXBuildFile; fileRef = 1F9301112CDEE86900E6EFB9 /* SwiftUIView.swift */; };
		1F9301162CDEEADE00E6EFB9 /* QRScannerViewController.swift in Sources */ = {isa = PBXBuildFile; fileRef = 1F9301152CDEEADE00E6EFB9 /* QRScannerViewController.swift */; };
		1F9301182CDF26AE00E6EFB9 /* QRViewController.swift in Sources */ = {isa = PBXBuildFile; fileRef = 1F9301172CDF26AE00E6EFB9 /* QRViewController.swift */; };
		1FB46F0A2CD98C0D005D452C /* ImageActividades.swift in Sources */ = {isa = PBXBuildFile; fileRef = 1FB46F092CD98C0D005D452C /* ImageActividades.swift */; };
		1FF130BA2CD9793D00D6757A /* MainCollectionViewCell.swift in Sources */ = {isa = PBXBuildFile; fileRef = 1FF130B92CD9793D00D6757A /* MainCollectionViewCell.swift */; };
		649A7A1C2CD93A5B0017A2BF /* PerfilViewController.swift in Sources */ = {isa = PBXBuildFile; fileRef = 649A7A1B2CD93A5B0017A2BF /* PerfilViewController.swift */; };
		649A7A2E2CD966970017A2BF /* LogrosViewController.swift in Sources */ = {isa = PBXBuildFile; fileRef = 649A7A2D2CD966970017A2BF /* LogrosViewController.swift */; };
/* End PBXBuildFile section */

/* Begin PBXFileReference section */
		1F4E07B92CC7655800F74115 /* CarrucelCollectionViewCell.swift */ = {isa = PBXFileReference; lastKnownFileType = sourcecode.swift; path = CarrucelCollectionViewCell.swift; sourceTree = "<group>"; };
		1F4E07BB2CC76E4C00F74115 /* Actividades.swift */ = {isa = PBXFileReference; lastKnownFileType = sourcecode.swift; path = Actividades.swift; sourceTree = "<group>"; };
		1F51C2C42CB63D5200F392CD /* CreacionViewController.swift */ = {isa = PBXFileReference; lastKnownFileType = sourcecode.swift; path = CreacionViewController.swift; sourceTree = "<group>"; };
		1F51C2C62CB63EF600F392CD /* HomeViewController.swift */ = {isa = PBXFileReference; lastKnownFileType = sourcecode.swift; path = HomeViewController.swift; sourceTree = "<group>"; };
		1F5519EC2CDE73BC002F168C /* ActivityDetailViewController.swift */ = {isa = PBXFileReference; lastKnownFileType = sourcecode.swift; path = ActivityDetailViewController.swift; sourceTree = "<group>"; };
		1F5CFF8B2C8637AF003A90C5 /* Greenify.app */ = {isa = PBXFileReference; explicitFileType = wrapper.application; includeInIndex = 0; path = Greenify.app; sourceTree = BUILT_PRODUCTS_DIR; };
		1F5CFF8E2C8637AF003A90C5 /* AppDelegate.swift */ = {isa = PBXFileReference; lastKnownFileType = sourcecode.swift; path = AppDelegate.swift; sourceTree = "<group>"; };
		1F5CFF902C8637AF003A90C5 /* SceneDelegate.swift */ = {isa = PBXFileReference; lastKnownFileType = sourcecode.swift; path = SceneDelegate.swift; sourceTree = "<group>"; };
		1F5CFF922C8637AF003A90C5 /* ViewController.swift */ = {isa = PBXFileReference; lastKnownFileType = sourcecode.swift; path = ViewController.swift; sourceTree = "<group>"; };
		1F5CFF952C8637AF003A90C5 /* Base */ = {isa = PBXFileReference; lastKnownFileType = file.storyboard; name = Base; path = Base.lproj/Main.storyboard; sourceTree = "<group>"; };
		1F5CFF972C8637B1003A90C5 /* Assets.xcassets */ = {isa = PBXFileReference; lastKnownFileType = folder.assetcatalog; path = Assets.xcassets; sourceTree = "<group>"; };
		1F5CFF9A2C8637B1003A90C5 /* Base */ = {isa = PBXFileReference; lastKnownFileType = file.storyboard; name = Base; path = Base.lproj/LaunchScreen.storyboard; sourceTree = "<group>"; };
		1F5CFF9C2C8637B1003A90C5 /* Info.plist */ = {isa = PBXFileReference; lastKnownFileType = text.plist.xml; path = Info.plist; sourceTree = "<group>"; };
		1F7A756D2CB3C376000029C6 /* IntroViewController.swift */ = {isa = PBXFileReference; lastKnownFileType = sourcecode.swift; path = IntroViewController.swift; sourceTree = "<group>"; };
		1F7A756F2CB3C3B0000029C6 /* RegistroViewController.swift */ = {isa = PBXFileReference; lastKnownFileType = sourcecode.swift; path = RegistroViewController.swift; sourceTree = "<group>"; };
		1F81325F2CE12C8200BBF954 /* EditProfileViewController.swift */ = {isa = PBXFileReference; lastKnownFileType = sourcecode.swift; path = EditProfileViewController.swift; sourceTree = "<group>"; };
		1F8321BF2CB5D86600F8D474 /* UsuarioViewController.swift */ = {isa = PBXFileReference; lastKnownFileType = sourcecode.swift; path = UsuarioViewController.swift; sourceTree = "<group>"; };
		1F9301112CDEE86900E6EFB9 /* SwiftUIView.swift */ = {isa = PBXFileReference; lastKnownFileType = sourcecode.swift; path = SwiftUIView.swift; sourceTree = "<group>"; };
		1F9301152CDEEADE00E6EFB9 /* QRScannerViewController.swift */ = {isa = PBXFileReference; lastKnownFileType = sourcecode.swift; path = QRScannerViewController.swift; sourceTree = "<group>"; };
		1F9301172CDF26AE00E6EFB9 /* QRViewController.swift */ = {isa = PBXFileReference; lastKnownFileType = sourcecode.swift; path = QRViewController.swift; sourceTree = "<group>"; };
		1FA18A552CC0C63200DE659A /* GoogleService-Info.plist */ = {isa = PBXFileReference; lastKnownFileType = text.plist.xml; path = "GoogleService-Info.plist"; sourceTree = "<group>"; };
		1FB46F092CD98C0D005D452C /* ImageActividades.swift */ = {isa = PBXFileReference; lastKnownFileType = sourcecode.swift; path = ImageActividades.swift; sourceTree = "<group>"; };
		1FF130B92CD9793D00D6757A /* MainCollectionViewCell.swift */ = {isa = PBXFileReference; lastKnownFileType = sourcecode.swift; path = MainCollectionViewCell.swift; sourceTree = "<group>"; };
		649A7A1B2CD93A5B0017A2BF /* PerfilViewController.swift */ = {isa = PBXFileReference; lastKnownFileType = sourcecode.swift; path = PerfilViewController.swift; sourceTree = "<group>"; };
		649A7A2D2CD966970017A2BF /* LogrosViewController.swift */ = {isa = PBXFileReference; lastKnownFileType = sourcecode.swift; path = LogrosViewController.swift; sourceTree = "<group>"; };
/* End PBXFileReference section */

/* Begin PBXFrameworksBuildPhase section */
		1F5CFF882C8637AF003A90C5 /* Frameworks */ = {
			isa = PBXFrameworksBuildPhase;
			buildActionMask = 2147483647;
			files = (
				1F51C2DB2CB6427D00F392CD /* FirebaseFirestoreCombine-Community in Frameworks */,
				1F51C2DD2CB6427D00F392CD /* FirebaseFunctions in Frameworks */,
				1F51C2D52CB6427D00F392CD /* FirebaseDatabase in Frameworks */,
				1F1F972A2CC09A4800544F4F /* GoogleSignInSwift in Frameworks */,
				1F51C2D72CB6427D00F392CD /* FirebaseDynamicLinks in Frameworks */,
				1F51C2CD2CB6427D00F392CD /* FirebaseAuth in Frameworks */,
				1F1F97282CC09A4800544F4F /* GoogleSignIn in Frameworks */,
				1F9301102CDEE73000E6EFB9 /* CodeScanner in Frameworks */,
				1F7A75752CB5CC60000029C6 /* FirebaseAnalytics in Frameworks */,
				1F51C2D92CB6427D00F392CD /* FirebaseFirestore in Frameworks */,
				1F51C2DF2CB6427D00F392CD /* FirebaseFunctionsCombine-Community in Frameworks */,
				1F51C2CB2CB6427D00F392CD /* FirebaseAppDistribution-Beta in Frameworks */,
				1F7A75792CB5CC60000029C6 /* FirebaseAnalyticsWithoutAdIdSupport in Frameworks */,
				1F51C2CF2CB6427D00F392CD /* FirebaseAuthCombine-Community in Frameworks */,
				1F51C2D32CB6427D00F392CD /* FirebaseCrashlytics in Frameworks */,
				1F51C2D12CB6427D00F392CD /* FirebaseCore in Frameworks */,
				1F7A75772CB5CC60000029C6 /* FirebaseAnalyticsOnDeviceConversion in Frameworks */,
			);
			runOnlyForDeploymentPostprocessing = 0;
		};
/* End PBXFrameworksBuildPhase section */

/* Begin PBXGroup section */
		1F5CFF822C8637AF003A90C5 = {
			isa = PBXGroup;
			children = (
				1F5CFF8D2C8637AF003A90C5 /* Greenify */,
				1F5CFF8C2C8637AF003A90C5 /* Products */,
			);
			sourceTree = "<group>";
		};
		1F5CFF8C2C8637AF003A90C5 /* Products */ = {
			isa = PBXGroup;
			children = (
				1F5CFF8B2C8637AF003A90C5 /* Greenify.app */,
			);
			name = Products;
			sourceTree = "<group>";
		};
		1F5CFF8D2C8637AF003A90C5 /* Greenify */ = {
			isa = PBXGroup;
			children = (
				1F5CFF8E2C8637AF003A90C5 /* AppDelegate.swift */,
				1F5CFF902C8637AF003A90C5 /* SceneDelegate.swift */,
				1F5CFF922C8637AF003A90C5 /* ViewController.swift */,
				1F5CFF972C8637B1003A90C5 /* Assets.xcassets */,
				1F5CFF942C8637AF003A90C5 /* Main.storyboard */,
				1F81325F2CE12C8200BBF954 /* EditProfileViewController.swift */,
				1F9301112CDEE86900E6EFB9 /* SwiftUIView.swift */,
				1F9301152CDEEADE00E6EFB9 /* QRScannerViewController.swift */,
				1F9301172CDF26AE00E6EFB9 /* QRViewController.swift */,
				1FF130B92CD9793D00D6757A /* MainCollectionViewCell.swift */,
				649A7A2D2CD966970017A2BF /* LogrosViewController.swift */,
				649A7A1B2CD93A5B0017A2BF /* PerfilViewController.swift */,
				1F51C2C62CB63EF600F392CD /* HomeViewController.swift */,
				1F5519EC2CDE73BC002F168C /* ActivityDetailViewController.swift */,
				1FB46F092CD98C0D005D452C /* ImageActividades.swift */,
				1F51C2C42CB63D5200F392CD /* CreacionViewController.swift */,
				1F8321BF2CB5D86600F8D474 /* UsuarioViewController.swift */,
				1F7A756F2CB3C3B0000029C6 /* RegistroViewController.swift */,
				1F4E07BB2CC76E4C00F74115 /* Actividades.swift */,
				1F7A756D2CB3C376000029C6 /* IntroViewController.swift */,
				1F5CFF992C8637B1003A90C5 /* LaunchScreen.storyboard */,
				1FA18A552CC0C63200DE659A /* GoogleService-Info.plist */,
				1F5CFF9C2C8637B1003A90C5 /* Info.plist */,
				1F4E07B92CC7655800F74115 /* CarrucelCollectionViewCell.swift */,
			);
			path = Greenify;
			sourceTree = "<group>";
		};
/* End PBXGroup section */

/* Begin PBXNativeTarget section */
		1F5CFF8A2C8637AF003A90C5 /* Greenify */ = {
			isa = PBXNativeTarget;
			buildConfigurationList = 1F5CFF9F2C8637B1003A90C5 /* Build configuration list for PBXNativeTarget "Greenify" */;
			buildPhases = (
				1F5CFF872C8637AF003A90C5 /* Sources */,
				1F5CFF882C8637AF003A90C5 /* Frameworks */,
				1F5CFF892C8637AF003A90C5 /* Resources */,
			);
			buildRules = (
			);
			dependencies = (
			);
			name = Greenify;
			productName = Greenify;
			productReference = 1F5CFF8B2C8637AF003A90C5 /* Greenify.app */;
			productType = "com.apple.product-type.application";
		};
/* End PBXNativeTarget section */

/* Begin PBXProject section */
		1F5CFF832C8637AF003A90C5 /* Project object */ = {
			isa = PBXProject;
			attributes = {
				BuildIndependentTargetsInParallel = 1;
				LastSwiftUpdateCheck = 1540;
				LastUpgradeCheck = 1540;
				TargetAttributes = {
					1F5CFF8A2C8637AF003A90C5 = {
						CreatedOnToolsVersion = 15.4;
					};
				};
			};
			buildConfigurationList = 1F5CFF862C8637AF003A90C5 /* Build configuration list for PBXProject "Greenify" */;
			compatibilityVersion = "Xcode 14.0";
			developmentRegion = en;
			hasScannedForEncodings = 0;
			knownRegions = (
				en,
				Base,
			);
			mainGroup = 1F5CFF822C8637AF003A90C5;
			packageReferences = (
				1F7A75732CB5CC60000029C6 /* XCRemoteSwiftPackageReference "firebase-ios-sdk" */,
				1F1F97262CC09A4800544F4F /* XCRemoteSwiftPackageReference "GoogleSignIn-iOS" */,
				1F93010E2CDEE73000E6EFB9 /* XCRemoteSwiftPackageReference "CodeScanner" */,
			);
			productRefGroup = 1F5CFF8C2C8637AF003A90C5 /* Products */;
			projectDirPath = "";
			projectRoot = "";
			targets = (
				1F5CFF8A2C8637AF003A90C5 /* Greenify */,
			);
		};
/* End PBXProject section */

/* Begin PBXResourcesBuildPhase section */
		1F5CFF892C8637AF003A90C5 /* Resources */ = {
			isa = PBXResourcesBuildPhase;
			buildActionMask = 2147483647;
			files = (
				1F5CFF982C8637B1003A90C5 /* Assets.xcassets in Resources */,
				1F7770492CC0CEBA00629888 /* GoogleService-Info.plist in Resources */,
				1F5CFF9B2C8637B1003A90C5 /* Base in Resources */,
				1F5CFF962C8637AF003A90C5 /* Base in Resources */,
			);
			runOnlyForDeploymentPostprocessing = 0;
		};
/* End PBXResourcesBuildPhase section */

/* Begin PBXSourcesBuildPhase section */
		1F5CFF872C8637AF003A90C5 /* Sources */ = {
			isa = PBXSourcesBuildPhase;
			buildActionMask = 2147483647;
			files = (
				1F5519ED2CDE73BC002F168C /* ActivityDetailViewController.swift in Sources */,
				1F5CFF932C8637AF003A90C5 /* ViewController.swift in Sources */,
				1F9301122CDEE86900E6EFB9 /* SwiftUIView.swift in Sources */,
				1FB46F0A2CD98C0D005D452C /* ImageActividades.swift in Sources */,
				1F5CFF8F2C8637AF003A90C5 /* AppDelegate.swift in Sources */,
				1F9301182CDF26AE00E6EFB9 /* QRViewController.swift in Sources */,
				1F5CFF912C8637AF003A90C5 /* SceneDelegate.swift in Sources */,
				1F8132602CE12C8200BBF954 /* EditProfileViewController.swift in Sources */,
				1F51C2C72CB63EF600F392CD /* HomeViewController.swift in Sources */,
				1F7A756E2CB3C376000029C6 /* IntroViewController.swift in Sources */,
				1F51C2C52CB63D5200F392CD /* CreacionViewController.swift in Sources */,
				649A7A2E2CD966970017A2BF /* LogrosViewController.swift in Sources */,
				649A7A1C2CD93A5B0017A2BF /* PerfilViewController.swift in Sources */,
				1F4E07BA2CC7655800F74115 /* CarrucelCollectionViewCell.swift in Sources */,
				1F9301162CDEEADE00E6EFB9 /* QRScannerViewController.swift in Sources */,
				1FF130BA2CD9793D00D6757A /* MainCollectionViewCell.swift in Sources */,
				1F7A75702CB3C3B0000029C6 /* RegistroViewController.swift in Sources */,
				1F8321C02CB5D86600F8D474 /* UsuarioViewController.swift in Sources */,
				1F4E07BC2CC76E4C00F74115 /* Actividades.swift in Sources */,
			);
			runOnlyForDeploymentPostprocessing = 0;
		};
/* End PBXSourcesBuildPhase section */

/* Begin PBXVariantGroup section */
		1F5CFF942C8637AF003A90C5 /* Main.storyboard */ = {
			isa = PBXVariantGroup;
			children = (
				1F5CFF952C8637AF003A90C5 /* Base */,
			);
			name = Main.storyboard;
			sourceTree = "<group>";
		};
		1F5CFF992C8637B1003A90C5 /* LaunchScreen.storyboard */ = {
			isa = PBXVariantGroup;
			children = (
				1F5CFF9A2C8637B1003A90C5 /* Base */,
			);
			name = LaunchScreen.storyboard;
			sourceTree = "<group>";
		};
/* End PBXVariantGroup section */

/* Begin XCBuildConfiguration section */
		1F5CFF9D2C8637B1003A90C5 /* Debug */ = {
			isa = XCBuildConfiguration;
			buildSettings = {
				ALWAYS_SEARCH_USER_PATHS = NO;
				ASSETCATALOG_COMPILER_GENERATE_SWIFT_ASSET_SYMBOL_EXTENSIONS = YES;
				CLANG_ANALYZER_NONNULL = YES;
				CLANG_ANALYZER_NUMBER_OBJECT_CONVERSION = YES_AGGRESSIVE;
				CLANG_CXX_LANGUAGE_STANDARD = "gnu++20";
				CLANG_ENABLE_MODULES = YES;
				CLANG_ENABLE_OBJC_ARC = YES;
				CLANG_ENABLE_OBJC_WEAK = YES;
				CLANG_WARN_BLOCK_CAPTURE_AUTORELEASING = YES;
				CLANG_WARN_BOOL_CONVERSION = YES;
				CLANG_WARN_COMMA = YES;
				CLANG_WARN_CONSTANT_CONVERSION = YES;
				CLANG_WARN_DEPRECATED_OBJC_IMPLEMENTATIONS = YES;
				CLANG_WARN_DIRECT_OBJC_ISA_USAGE = YES_ERROR;
				CLANG_WARN_DOCUMENTATION_COMMENTS = YES;
				CLANG_WARN_EMPTY_BODY = YES;
				CLANG_WARN_ENUM_CONVERSION = YES;
				CLANG_WARN_INFINITE_RECURSION = YES;
				CLANG_WARN_INT_CONVERSION = YES;
				CLANG_WARN_NON_LITERAL_NULL_CONVERSION = YES;
				CLANG_WARN_OBJC_IMPLICIT_RETAIN_SELF = YES;
				CLANG_WARN_OBJC_LITERAL_CONVERSION = YES;
				CLANG_WARN_OBJC_ROOT_CLASS = YES_ERROR;
				CLANG_WARN_QUOTED_INCLUDE_IN_FRAMEWORK_HEADER = YES;
				CLANG_WARN_RANGE_LOOP_ANALYSIS = YES;
				CLANG_WARN_STRICT_PROTOTYPES = YES;
				CLANG_WARN_SUSPICIOUS_MOVE = YES;
				CLANG_WARN_UNGUARDED_AVAILABILITY = YES_AGGRESSIVE;
				CLANG_WARN_UNREACHABLE_CODE = YES;
				CLANG_WARN__DUPLICATE_METHOD_MATCH = YES;
				COPY_PHASE_STRIP = NO;
				DEBUG_INFORMATION_FORMAT = dwarf;
				ENABLE_STRICT_OBJC_MSGSEND = YES;
				ENABLE_TESTABILITY = YES;
				ENABLE_USER_SCRIPT_SANDBOXING = YES;
				GCC_C_LANGUAGE_STANDARD = gnu17;
				GCC_DYNAMIC_NO_PIC = NO;
				GCC_NO_COMMON_BLOCKS = YES;
				GCC_OPTIMIZATION_LEVEL = 0;
				GCC_PREPROCESSOR_DEFINITIONS = (
					"DEBUG=1",
					"$(inherited)",
				);
				GCC_WARN_64_TO_32_BIT_CONVERSION = YES;
				GCC_WARN_ABOUT_RETURN_TYPE = YES_ERROR;
				GCC_WARN_UNDECLARED_SELECTOR = YES;
				GCC_WARN_UNINITIALIZED_AUTOS = YES_AGGRESSIVE;
				GCC_WARN_UNUSED_FUNCTION = YES;
				GCC_WARN_UNUSED_VARIABLE = YES;
				IPHONEOS_DEPLOYMENT_TARGET = 17.5;
				LOCALIZATION_PREFERS_STRING_CATALOGS = YES;
				MTL_ENABLE_DEBUG_INFO = INCLUDE_SOURCE;
				MTL_FAST_MATH = YES;
				ONLY_ACTIVE_ARCH = YES;
				SDKROOT = iphoneos;
				SWIFT_ACTIVE_COMPILATION_CONDITIONS = "DEBUG $(inherited)";
				SWIFT_OPTIMIZATION_LEVEL = "-Onone";
			};
			name = Debug;
		};
		1F5CFF9E2C8637B1003A90C5 /* Release */ = {
			isa = XCBuildConfiguration;
			buildSettings = {
				ALWAYS_SEARCH_USER_PATHS = NO;
				ASSETCATALOG_COMPILER_GENERATE_SWIFT_ASSET_SYMBOL_EXTENSIONS = YES;
				CLANG_ANALYZER_NONNULL = YES;
				CLANG_ANALYZER_NUMBER_OBJECT_CONVERSION = YES_AGGRESSIVE;
				CLANG_CXX_LANGUAGE_STANDARD = "gnu++20";
				CLANG_ENABLE_MODULES = YES;
				CLANG_ENABLE_OBJC_ARC = YES;
				CLANG_ENABLE_OBJC_WEAK = YES;
				CLANG_WARN_BLOCK_CAPTURE_AUTORELEASING = YES;
				CLANG_WARN_BOOL_CONVERSION = YES;
				CLANG_WARN_COMMA = YES;
				CLANG_WARN_CONSTANT_CONVERSION = YES;
				CLANG_WARN_DEPRECATED_OBJC_IMPLEMENTATIONS = YES;
				CLANG_WARN_DIRECT_OBJC_ISA_USAGE = YES_ERROR;
				CLANG_WARN_DOCUMENTATION_COMMENTS = YES;
				CLANG_WARN_EMPTY_BODY = YES;
				CLANG_WARN_ENUM_CONVERSION = YES;
				CLANG_WARN_INFINITE_RECURSION = YES;
				CLANG_WARN_INT_CONVERSION = YES;
				CLANG_WARN_NON_LITERAL_NULL_CONVERSION = YES;
				CLANG_WARN_OBJC_IMPLICIT_RETAIN_SELF = YES;
				CLANG_WARN_OBJC_LITERAL_CONVERSION = YES;
				CLANG_WARN_OBJC_ROOT_CLASS = YES_ERROR;
				CLANG_WARN_QUOTED_INCLUDE_IN_FRAMEWORK_HEADER = YES;
				CLANG_WARN_RANGE_LOOP_ANALYSIS = YES;
				CLANG_WARN_STRICT_PROTOTYPES = YES;
				CLANG_WARN_SUSPICIOUS_MOVE = YES;
				CLANG_WARN_UNGUARDED_AVAILABILITY = YES_AGGRESSIVE;
				CLANG_WARN_UNREACHABLE_CODE = YES;
				CLANG_WARN__DUPLICATE_METHOD_MATCH = YES;
				COPY_PHASE_STRIP = NO;
				DEBUG_INFORMATION_FORMAT = "dwarf-with-dsym";
				ENABLE_NS_ASSERTIONS = NO;
				ENABLE_STRICT_OBJC_MSGSEND = YES;
				ENABLE_USER_SCRIPT_SANDBOXING = YES;
				GCC_C_LANGUAGE_STANDARD = gnu17;
				GCC_NO_COMMON_BLOCKS = YES;
				GCC_WARN_64_TO_32_BIT_CONVERSION = YES;
				GCC_WARN_ABOUT_RETURN_TYPE = YES_ERROR;
				GCC_WARN_UNDECLARED_SELECTOR = YES;
				GCC_WARN_UNINITIALIZED_AUTOS = YES_AGGRESSIVE;
				GCC_WARN_UNUSED_FUNCTION = YES;
				GCC_WARN_UNUSED_VARIABLE = YES;
				IPHONEOS_DEPLOYMENT_TARGET = 17.5;
				LOCALIZATION_PREFERS_STRING_CATALOGS = YES;
				MTL_ENABLE_DEBUG_INFO = NO;
				MTL_FAST_MATH = YES;
				SDKROOT = iphoneos;
				SWIFT_COMPILATION_MODE = wholemodule;
				VALIDATE_PRODUCT = YES;
			};
			name = Release;
		};
		1F5CFFA02C8637B1003A90C5 /* Debug */ = {
			isa = XCBuildConfiguration;
			buildSettings = {
				ASSETCATALOG_COMPILER_APPICON_NAME = AppIcon;
				ASSETCATALOG_COMPILER_GLOBAL_ACCENT_COLOR_NAME = AccentColor;
				CODE_SIGN_STYLE = Automatic;
				CURRENT_PROJECT_VERSION = 1;
				DEVELOPMENT_TEAM = S9FC3MRQ8Z;
				GENERATE_INFOPLIST_FILE = YES;
				INFOPLIST_FILE = Greenify/Info.plist;
				INFOPLIST_KEY_NSCameraUsageDescription = "Deseas permitir utilizar la camara ";
				INFOPLIST_KEY_UIApplicationSupportsIndirectInputEvents = YES;
				INFOPLIST_KEY_UILaunchStoryboardName = LaunchScreen;
				INFOPLIST_KEY_UIMainStoryboardFile = Main;
				INFOPLIST_KEY_UISupportedInterfaceOrientations_iPad = "UIInterfaceOrientationPortrait UIInterfaceOrientationPortraitUpsideDown UIInterfaceOrientationLandscapeLeft UIInterfaceOrientationLandscapeRight";
				INFOPLIST_KEY_UISupportedInterfaceOrientations_iPhone = "UIInterfaceOrientationPortrait UIInterfaceOrientationLandscapeLeft UIInterfaceOrientationLandscapeRight";
				INFOPLIST_KEY_UIUserInterfaceStyle = Light;
				LD_RUNPATH_SEARCH_PATHS = (
					"$(inherited)",
					"@executable_path/Frameworks",
				);
				MARKETING_VERSION = 1.0;
				PRODUCT_BUNDLE_IDENTIFIER = mx.tec.a01808035.Greenify;
				PRODUCT_NAME = "$(TARGET_NAME)";
				SWIFT_EMIT_LOC_STRINGS = YES;
				SWIFT_VERSION = 5.0;
				TARGETED_DEVICE_FAMILY = "1,2";
			};
			name = Debug;
		};
		1F5CFFA12C8637B1003A90C5 /* Release */ = {
			isa = XCBuildConfiguration;
			buildSettings = {
				ASSETCATALOG_COMPILER_APPICON_NAME = AppIcon;
				ASSETCATALOG_COMPILER_GLOBAL_ACCENT_COLOR_NAME = AccentColor;
				CODE_SIGN_STYLE = Automatic;
				CURRENT_PROJECT_VERSION = 1;
				DEVELOPMENT_TEAM = S9FC3MRQ8Z;
				GENERATE_INFOPLIST_FILE = YES;
				INFOPLIST_FILE = Greenify/Info.plist;
				INFOPLIST_KEY_NSCameraUsageDescription = "Deseas permitir utilizar la camara ";
				INFOPLIST_KEY_UIApplicationSupportsIndirectInputEvents = YES;
				INFOPLIST_KEY_UILaunchStoryboardName = LaunchScreen;
				INFOPLIST_KEY_UIMainStoryboardFile = Main;
				INFOPLIST_KEY_UISupportedInterfaceOrientations_iPad = "UIInterfaceOrientationPortrait UIInterfaceOrientationPortraitUpsideDown UIInterfaceOrientationLandscapeLeft UIInterfaceOrientationLandscapeRight";
				INFOPLIST_KEY_UISupportedInterfaceOrientations_iPhone = "UIInterfaceOrientationPortrait UIInterfaceOrientationLandscapeLeft UIInterfaceOrientationLandscapeRight";
				INFOPLIST_KEY_UIUserInterfaceStyle = Light;
				LD_RUNPATH_SEARCH_PATHS = (
					"$(inherited)",
					"@executable_path/Frameworks",
				);
				MARKETING_VERSION = 1.0;
				PRODUCT_BUNDLE_IDENTIFIER = mx.tec.a01808035.Greenify;
				PRODUCT_NAME = "$(TARGET_NAME)";
				SWIFT_EMIT_LOC_STRINGS = YES;
				SWIFT_VERSION = 5.0;
				TARGETED_DEVICE_FAMILY = "1,2";
			};
			name = Release;
		};
/* End XCBuildConfiguration section */

/* Begin XCConfigurationList section */
		1F5CFF862C8637AF003A90C5 /* Build configuration list for PBXProject "Greenify" */ = {
			isa = XCConfigurationList;
			buildConfigurations = (
				1F5CFF9D2C8637B1003A90C5 /* Debug */,
				1F5CFF9E2C8637B1003A90C5 /* Release */,
			);
			defaultConfigurationIsVisible = 0;
			defaultConfigurationName = Release;
		};
		1F5CFF9F2C8637B1003A90C5 /* Build configuration list for PBXNativeTarget "Greenify" */ = {
			isa = XCConfigurationList;
			buildConfigurations = (
				1F5CFFA02C8637B1003A90C5 /* Debug */,
				1F5CFFA12C8637B1003A90C5 /* Release */,
			);
			defaultConfigurationIsVisible = 0;
			defaultConfigurationName = Release;
		};
/* End XCConfigurationList section */

/* Begin XCRemoteSwiftPackageReference section */
		1F1F97262CC09A4800544F4F /* XCRemoteSwiftPackageReference "GoogleSignIn-iOS" */ = {
			isa = XCRemoteSwiftPackageReference;
			repositoryURL = "https://github.com/google/GoogleSignIn-iOS";
			requirement = {
				kind = upToNextMajorVersion;
				minimumVersion = 8.0.0;
			};
		};
		1F7A75732CB5CC60000029C6 /* XCRemoteSwiftPackageReference "firebase-ios-sdk" */ = {
			isa = XCRemoteSwiftPackageReference;
			repositoryURL = "https://github.com/firebase/firebase-ios-sdk";
			requirement = {
				kind = upToNextMajorVersion;
				minimumVersion = 11.3.0;
			};
		};
		1F93010E2CDEE73000E6EFB9 /* XCRemoteSwiftPackageReference "CodeScanner" */ = {
			isa = XCRemoteSwiftPackageReference;
			repositoryURL = "https://github.com/twostraws/CodeScanner.git";
			requirement = {
				kind = upToNextMajorVersion;
				minimumVersion = 2.5.1;
			};
		};
/* End XCRemoteSwiftPackageReference section */

/* Begin XCSwiftPackageProductDependency section */
		1F1F97272CC09A4800544F4F /* GoogleSignIn */ = {
			isa = XCSwiftPackageProductDependency;
			package = 1F1F97262CC09A4800544F4F /* XCRemoteSwiftPackageReference "GoogleSignIn-iOS" */;
			productName = GoogleSignIn;
		};
		1F1F97292CC09A4800544F4F /* GoogleSignInSwift */ = {
			isa = XCSwiftPackageProductDependency;
			package = 1F1F97262CC09A4800544F4F /* XCRemoteSwiftPackageReference "GoogleSignIn-iOS" */;
			productName = GoogleSignInSwift;
		};
		1F51C2CA2CB6427D00F392CD /* FirebaseAppDistribution-Beta */ = {
			isa = XCSwiftPackageProductDependency;
			package = 1F7A75732CB5CC60000029C6 /* XCRemoteSwiftPackageReference "firebase-ios-sdk" */;
			productName = "FirebaseAppDistribution-Beta";
		};
		1F51C2CC2CB6427D00F392CD /* FirebaseAuth */ = {
			isa = XCSwiftPackageProductDependency;
			package = 1F7A75732CB5CC60000029C6 /* XCRemoteSwiftPackageReference "firebase-ios-sdk" */;
			productName = FirebaseAuth;
		};
		1F51C2CE2CB6427D00F392CD /* FirebaseAuthCombine-Community */ = {
			isa = XCSwiftPackageProductDependency;
			package = 1F7A75732CB5CC60000029C6 /* XCRemoteSwiftPackageReference "firebase-ios-sdk" */;
			productName = "FirebaseAuthCombine-Community";
		};
		1F51C2D02CB6427D00F392CD /* FirebaseCore */ = {
			isa = XCSwiftPackageProductDependency;
			package = 1F7A75732CB5CC60000029C6 /* XCRemoteSwiftPackageReference "firebase-ios-sdk" */;
			productName = FirebaseCore;
		};
		1F51C2D22CB6427D00F392CD /* FirebaseCrashlytics */ = {
			isa = XCSwiftPackageProductDependency;
			package = 1F7A75732CB5CC60000029C6 /* XCRemoteSwiftPackageReference "firebase-ios-sdk" */;
			productName = FirebaseCrashlytics;
		};
		1F51C2D42CB6427D00F392CD /* FirebaseDatabase */ = {
			isa = XCSwiftPackageProductDependency;
			package = 1F7A75732CB5CC60000029C6 /* XCRemoteSwiftPackageReference "firebase-ios-sdk" */;
			productName = FirebaseDatabase;
		};
		1F51C2D62CB6427D00F392CD /* FirebaseDynamicLinks */ = {
			isa = XCSwiftPackageProductDependency;
			package = 1F7A75732CB5CC60000029C6 /* XCRemoteSwiftPackageReference "firebase-ios-sdk" */;
			productName = FirebaseDynamicLinks;
		};
		1F51C2D82CB6427D00F392CD /* FirebaseFirestore */ = {
			isa = XCSwiftPackageProductDependency;
			package = 1F7A75732CB5CC60000029C6 /* XCRemoteSwiftPackageReference "firebase-ios-sdk" */;
			productName = FirebaseFirestore;
		};
		1F51C2DA2CB6427D00F392CD /* FirebaseFirestoreCombine-Community */ = {
			isa = XCSwiftPackageProductDependency;
			package = 1F7A75732CB5CC60000029C6 /* XCRemoteSwiftPackageReference "firebase-ios-sdk" */;
			productName = "FirebaseFirestoreCombine-Community";
		};
		1F51C2DC2CB6427D00F392CD /* FirebaseFunctions */ = {
			isa = XCSwiftPackageProductDependency;
			package = 1F7A75732CB5CC60000029C6 /* XCRemoteSwiftPackageReference "firebase-ios-sdk" */;
			productName = FirebaseFunctions;
		};
		1F51C2DE2CB6427D00F392CD /* FirebaseFunctionsCombine-Community */ = {
			isa = XCSwiftPackageProductDependency;
			package = 1F7A75732CB5CC60000029C6 /* XCRemoteSwiftPackageReference "firebase-ios-sdk" */;
			productName = "FirebaseFunctionsCombine-Community";
		};
		1F7A75742CB5CC60000029C6 /* FirebaseAnalytics */ = {
			isa = XCSwiftPackageProductDependency;
			package = 1F7A75732CB5CC60000029C6 /* XCRemoteSwiftPackageReference "firebase-ios-sdk" */;
			productName = FirebaseAnalytics;
		};
		1F7A75762CB5CC60000029C6 /* FirebaseAnalyticsOnDeviceConversion */ = {
			isa = XCSwiftPackageProductDependency;
			package = 1F7A75732CB5CC60000029C6 /* XCRemoteSwiftPackageReference "firebase-ios-sdk" */;
			productName = FirebaseAnalyticsOnDeviceConversion;
		};
		1F7A75782CB5CC60000029C6 /* FirebaseAnalyticsWithoutAdIdSupport */ = {
			isa = XCSwiftPackageProductDependency;
			package = 1F7A75732CB5CC60000029C6 /* XCRemoteSwiftPackageReference "firebase-ios-sdk" */;
			productName = FirebaseAnalyticsWithoutAdIdSupport;
		};
		1F93010F2CDEE73000E6EFB9 /* CodeScanner */ = {
			isa = XCSwiftPackageProductDependency;
			package = 1F93010E2CDEE73000E6EFB9 /* XCRemoteSwiftPackageReference "CodeScanner" */;
			productName = CodeScanner;
		};
/* End XCSwiftPackageProductDependency section */
	};
	rootObject = 1F5CFF832C8637AF003A90C5 /* Project object */;
}
